// !$*UTF8*$!
{
	archiveVersion = 1;
	classes = {
	};
	objectVersion = 55;
	objects = {

/* Begin PBXBuildFile section */
		231278C626D3DBE1007D6DB3 /* FruitiesApp.swift in Sources */ = {isa = PBXBuildFile; fileRef = 231278C526D3DBE1007D6DB3 /* FruitiesApp.swift */; };
		231278C826D3DBE1007D6DB3 /* ContentView.swift in Sources */ = {isa = PBXBuildFile; fileRef = 231278C726D3DBE1007D6DB3 /* ContentView.swift */; };
		231278CA26D3DBE6007D6DB3 /* Assets.xcassets in Resources */ = {isa = PBXBuildFile; fileRef = 231278C926D3DBE6007D6DB3 /* Assets.xcassets */; };
		231278CD26D3DBE6007D6DB3 /* Preview Assets.xcassets in Resources */ = {isa = PBXBuildFile; fileRef = 231278CC26D3DBE6007D6DB3 /* Preview Assets.xcassets */; };
		2314CF5E26DBD71100B71F96 /* FruitHeaderView.swift in Sources */ = {isa = PBXBuildFile; fileRef = 2314CF5D26DBD71100B71F96 /* FruitHeaderView.swift */; };
		2314CF6026DBDD3B00B71F96 /* SourceLinkView.swift in Sources */ = {isa = PBXBuildFile; fileRef = 2314CF5F26DBDD3B00B71F96 /* SourceLinkView.swift */; };
		2314CF6226DC199600B71F96 /* FruitNutritionView.swift in Sources */ = {isa = PBXBuildFile; fileRef = 2314CF6126DC199600B71F96 /* FruitNutritionView.swift */; };
		235E07C726D9E27C007811A0 /* FruitModel.swift in Sources */ = {isa = PBXBuildFile; fileRef = 235E07C626D9E27C007811A0 /* FruitModel.swift */; };
		235E07CB26D9EBB3007811A0 /* FruitData.swift in Sources */ = {isa = PBXBuildFile; fileRef = 235E07CA26D9EBB3007811A0 /* FruitData.swift */; };
		235E07CD26D9FA3A007811A0 /* FruitRowView.swift in Sources */ = {isa = PBXBuildFile; fileRef = 235E07CC26D9FA3A007811A0 /* FruitRowView.swift */; };
		2389E21D26D71990003B3278 /* FruitCardView.swift in Sources */ = {isa = PBXBuildFile; fileRef = 2389E21C26D71990003B3278 /* FruitCardView.swift */; };
		2389E22126D725E1003B3278 /* StartButtonView.swift in Sources */ = {isa = PBXBuildFile; fileRef = 2389E22026D725E1003B3278 /* StartButtonView.swift */; };
		2389E22326D730F6003B3278 /* OnboardingView.swift in Sources */ = {isa = PBXBuildFile; fileRef = 2389E22226D730F6003B3278 /* OnboardingView.swift */; };
		238BF37826DB2601007D12CE /* FruitDetailView.swift in Sources */ = {isa = PBXBuildFile; fileRef = 238BF37726DB2601007D12CE /* FruitDetailView.swift */; };
		23E6DF3C26DC7A1200D15F0D /* SettingView.swift in Sources */ = {isa = PBXBuildFile; fileRef = 23E6DF3B26DC7A1200D15F0D /* SettingView.swift */; };
		23E6DF3E26DC85D000D15F0D /* SettingsLabelView.swift in Sources */ = {isa = PBXBuildFile; fileRef = 23E6DF3D26DC85D000D15F0D /* SettingsLabelView.swift */; };
		23E6DF4026DC8E6A00D15F0D /* SettingsRowView.swift in Sources */ = {isa = PBXBuildFile; fileRef = 23E6DF3F26DC8E6A00D15F0D /* SettingsRowView.swift */; };
/* End PBXBuildFile section */

/* Begin PBXFileReference section */
		231278C226D3DBE1007D6DB3 /* Fruities.app */ = {isa = PBXFileReference; explicitFileType = wrapper.application; includeInIndex = 0; path = Fruities.app; sourceTree = BUILT_PRODUCTS_DIR; };
		231278C526D3DBE1007D6DB3 /* FruitiesApp.swift */ = {isa = PBXFileReference; lastKnownFileType = sourcecode.swift; path = FruitiesApp.swift; sourceTree = "<group>"; };
		231278C726D3DBE1007D6DB3 /* ContentView.swift */ = {isa = PBXFileReference; lastKnownFileType = sourcecode.swift; path = ContentView.swift; sourceTree = "<group>"; };
		231278C926D3DBE6007D6DB3 /* Assets.xcassets */ = {isa = PBXFileReference; lastKnownFileType = folder.assetcatalog; path = Assets.xcassets; sourceTree = "<group>"; };
		231278CC26D3DBE6007D6DB3 /* Preview Assets.xcassets */ = {isa = PBXFileReference; lastKnownFileType = folder.assetcatalog; path = "Preview Assets.xcassets"; sourceTree = "<group>"; };
		2314CF5D26DBD71100B71F96 /* FruitHeaderView.swift */ = {isa = PBXFileReference; lastKnownFileType = sourcecode.swift; path = FruitHeaderView.swift; sourceTree = "<group>"; };
		2314CF5F26DBDD3B00B71F96 /* SourceLinkView.swift */ = {isa = PBXFileReference; lastKnownFileType = sourcecode.swift; path = SourceLinkView.swift; sourceTree = "<group>"; };
		2314CF6126DC199600B71F96 /* FruitNutritionView.swift */ = {isa = PBXFileReference; lastKnownFileType = sourcecode.swift; path = FruitNutritionView.swift; sourceTree = "<group>"; };
		235E07C626D9E27C007811A0 /* FruitModel.swift */ = {isa = PBXFileReference; lastKnownFileType = sourcecode.swift; path = FruitModel.swift; sourceTree = "<group>"; };
		235E07CA26D9EBB3007811A0 /* FruitData.swift */ = {isa = PBXFileReference; lastKnownFileType = sourcecode.swift; path = FruitData.swift; sourceTree = "<group>"; };
		235E07CC26D9FA3A007811A0 /* FruitRowView.swift */ = {isa = PBXFileReference; lastKnownFileType = sourcecode.swift; path = FruitRowView.swift; sourceTree = "<group>"; };
		2389E21C26D71990003B3278 /* FruitCardView.swift */ = {isa = PBXFileReference; lastKnownFileType = sourcecode.swift; path = FruitCardView.swift; sourceTree = "<group>"; };
		2389E22026D725E1003B3278 /* StartButtonView.swift */ = {isa = PBXFileReference; lastKnownFileType = sourcecode.swift; path = StartButtonView.swift; sourceTree = "<group>"; };
		2389E22226D730F6003B3278 /* OnboardingView.swift */ = {isa = PBXFileReference; lastKnownFileType = sourcecode.swift; path = OnboardingView.swift; sourceTree = "<group>"; };
		238BF37726DB2601007D12CE /* FruitDetailView.swift */ = {isa = PBXFileReference; lastKnownFileType = sourcecode.swift; path = FruitDetailView.swift; sourceTree = "<group>"; };
		23E6DF3B26DC7A1200D15F0D /* SettingView.swift */ = {isa = PBXFileReference; lastKnownFileType = sourcecode.swift; path = SettingView.swift; sourceTree = "<group>"; };
		23E6DF3D26DC85D000D15F0D /* SettingsLabelView.swift */ = {isa = PBXFileReference; lastKnownFileType = sourcecode.swift; path = SettingsLabelView.swift; sourceTree = "<group>"; };
		23E6DF3F26DC8E6A00D15F0D /* SettingsRowView.swift */ = {isa = PBXFileReference; lastKnownFileType = sourcecode.swift; path = SettingsRowView.swift; sourceTree = "<group>"; };
/* End PBXFileReference section */

/* Begin PBXFrameworksBuildPhase section */
		231278BF26D3DBE1007D6DB3 /* Frameworks */ = {
			isa = PBXFrameworksBuildPhase;
			buildActionMask = 2147483647;
			files = (
			);
			runOnlyForDeploymentPostprocessing = 0;
		};
/* End PBXFrameworksBuildPhase section */

/* Begin PBXGroup section */
		231278B926D3DBE1007D6DB3 = {
			isa = PBXGroup;
			children = (
				231278C426D3DBE1007D6DB3 /* Fruities */,
				231278C326D3DBE1007D6DB3 /* Products */,
			);
			sourceTree = "<group>";
		};
		231278C326D3DBE1007D6DB3 /* Products */ = {
			isa = PBXGroup;
			children = (
				231278C226D3DBE1007D6DB3 /* Fruities.app */,
			);
			name = Products;
			sourceTree = "<group>";
		};
		231278C426D3DBE1007D6DB3 /* Fruities */ = {
			isa = PBXGroup;
			children = (
				235E07C826D9EB6D007811A0 /* Data */,
				235E07C526D9E18B007811A0 /* Model */,
				2389E21B26D71944003B3278 /* View */,
				2389E21A26D71917003B3278 /* App */,
				231278C926D3DBE6007D6DB3 /* Assets.xcassets */,
				231278CB26D3DBE6007D6DB3 /* Preview Content */,
			);
			path = Fruities;
			sourceTree = "<group>";
		};
		231278CB26D3DBE6007D6DB3 /* Preview Content */ = {
			isa = PBXGroup;
			children = (
				231278CC26D3DBE6007D6DB3 /* Preview Assets.xcassets */,
			);
			path = "Preview Content";
			sourceTree = "<group>";
		};
		235E07C526D9E18B007811A0 /* Model */ = {
			isa = PBXGroup;
			children = (
				235E07C626D9E27C007811A0 /* FruitModel.swift */,
			);
			path = Model;
			sourceTree = "<group>";
		};
		235E07C826D9EB6D007811A0 /* Data */ = {
			isa = PBXGroup;
			children = (
				235E07CA26D9EBB3007811A0 /* FruitData.swift */,
			);
			path = Data;
			sourceTree = "<group>";
		};
		2389E21A26D71917003B3278 /* App */ = {
			isa = PBXGroup;
			children = (
				231278C526D3DBE1007D6DB3 /* FruitiesApp.swift */,
				231278C726D3DBE1007D6DB3 /* ContentView.swift */,
				2389E22226D730F6003B3278 /* OnboardingView.swift */,
				238BF37726DB2601007D12CE /* FruitDetailView.swift */,
				23E6DF3B26DC7A1200D15F0D /* SettingView.swift */,
			);
			path = App;
			sourceTree = "<group>";
		};
		2389E21B26D71944003B3278 /* View */ = {
			isa = PBXGroup;
			children = (
				2389E21C26D71990003B3278 /* FruitCardView.swift */,
				2389E22026D725E1003B3278 /* StartButtonView.swift */,
				235E07CC26D9FA3A007811A0 /* FruitRowView.swift */,
				2314CF5D26DBD71100B71F96 /* FruitHeaderView.swift */,
				2314CF5F26DBDD3B00B71F96 /* SourceLinkView.swift */,
				2314CF6126DC199600B71F96 /* FruitNutritionView.swift */,
				23E6DF3D26DC85D000D15F0D /* SettingsLabelView.swift */,
				23E6DF3F26DC8E6A00D15F0D /* SettingsRowView.swift */,
			);
			path = View;
			sourceTree = "<group>";
		};
/* End PBXGroup section */

/* Begin PBXNativeTarget section */
		231278C126D3DBE1007D6DB3 /* Fruities */ = {
			isa = PBXNativeTarget;
			buildConfigurationList = 231278D026D3DBE6007D6DB3 /* Build configuration list for PBXNativeTarget "Fruities" */;
			buildPhases = (
				231278BE26D3DBE1007D6DB3 /* Sources */,
				231278BF26D3DBE1007D6DB3 /* Frameworks */,
				231278C026D3DBE1007D6DB3 /* Resources */,
			);
			buildRules = (
			);
			dependencies = (
			);
			name = Fruities;
			productName = Fruities;
			productReference = 231278C226D3DBE1007D6DB3 /* Fruities.app */;
			productType = "com.apple.product-type.application";
		};
/* End PBXNativeTarget section */

/* Begin PBXProject section */
		231278BA26D3DBE1007D6DB3 /* Project object */ = {
			isa = PBXProject;
			attributes = {
				BuildIndependentTargetsInParallel = 1;
				LastSwiftUpdateCheck = 1300;
				LastUpgradeCheck = 1300;
				TargetAttributes = {
					231278C126D3DBE1007D6DB3 = {
						CreatedOnToolsVersion = 13.0;
					};
				};
			};
			buildConfigurationList = 231278BD26D3DBE1007D6DB3 /* Build configuration list for PBXProject "Fruities" */;
			compatibilityVersion = "Xcode 13.0";
			developmentRegion = en;
			hasScannedForEncodings = 0;
			knownRegions = (
				en,
				Base,
			);
			mainGroup = 231278B926D3DBE1007D6DB3;
			productRefGroup = 231278C326D3DBE1007D6DB3 /* Products */;
			projectDirPath = "";
			projectRoot = "";
			targets = (
				231278C126D3DBE1007D6DB3 /* Fruities */,
			);
		};
/* End PBXProject section */

/* Begin PBXResourcesBuildPhase section */
		231278C026D3DBE1007D6DB3 /* Resources */ = {
			isa = PBXResourcesBuildPhase;
			buildActionMask = 2147483647;
			files = (
				231278CD26D3DBE6007D6DB3 /* Preview Assets.xcassets in Resources */,
				231278CA26D3DBE6007D6DB3 /* Assets.xcassets in Resources */,
			);
			runOnlyForDeploymentPostprocessing = 0;
		};
/* End PBXResourcesBuildPhase section */

/* Begin PBXSourcesBuildPhase section */
		231278BE26D3DBE1007D6DB3 /* Sources */ = {
			isa = PBXSourcesBuildPhase;
			buildActionMask = 2147483647;
			files = (
				2314CF6226DC199600B71F96 /* FruitNutritionView.swift in Sources */,
				235E07CB26D9EBB3007811A0 /* FruitData.swift in Sources */,
				23E6DF4026DC8E6A00D15F0D /* SettingsRowView.swift in Sources */,
				2314CF6026DBDD3B00B71F96 /* SourceLinkView.swift in Sources */,
				2389E21D26D71990003B3278 /* FruitCardView.swift in Sources */,
				235E07CD26D9FA3A007811A0 /* FruitRowView.swift in Sources */,
				2389E22126D725E1003B3278 /* StartButtonView.swift in Sources */,
				238BF37826DB2601007D12CE /* FruitDetailView.swift in Sources */,
				231278C826D3DBE1007D6DB3 /* ContentView.swift in Sources */,
				23E6DF3C26DC7A1200D15F0D /* SettingView.swift in Sources */,
				2314CF5E26DBD71100B71F96 /* FruitHeaderView.swift in Sources */,
				23E6DF3E26DC85D000D15F0D /* SettingsLabelView.swift in Sources */,
				2389E22326D730F6003B3278 /* OnboardingView.swift in Sources */,
				235E07C726D9E27C007811A0 /* FruitModel.swift in Sources */,
				231278C626D3DBE1007D6DB3 /* FruitiesApp.swift in Sources */,
			);
			runOnlyForDeploymentPostprocessing = 0;
		};
/* End PBXSourcesBuildPhase section */

/* Begin XCBuildConfiguration section */
		231278CE26D3DBE6007D6DB3 /* Debug */ = {
			isa = XCBuildConfiguration;
			buildSettings = {
				ALWAYS_SEARCH_USER_PATHS = NO;
				CLANG_ANALYZER_NONNULL = YES;
				CLANG_ANALYZER_NUMBER_OBJECT_CONVERSION = YES_AGGRESSIVE;
				CLANG_CXX_LANGUAGE_STANDARD = "gnu++17";
				CLANG_CXX_LIBRARY = "libc++";
				CLANG_ENABLE_MODULES = YES;
				CLANG_ENABLE_OBJC_ARC = YES;
				CLANG_ENABLE_OBJC_WEAK = YES;
				CLANG_WARN_BLOCK_CAPTURE_AUTORELEASING = YES;
				CLANG_WARN_BOOL_CONVERSION = YES;
				CLANG_WARN_COMMA = YES;
				CLANG_WARN_CONSTANT_CONVERSION = YES;
				CLANG_WARN_DEPRECATED_OBJC_IMPLEMENTATIONS = YES;
				CLANG_WARN_DIRECT_OBJC_ISA_USAGE = YES_ERROR;
				CLANG_WARN_DOCUMENTATION_COMMENTS = YES;
				CLANG_WARN_EMPTY_BODY = YES;
				CLANG_WARN_ENUM_CONVERSION = YES;
				CLANG_WARN_INFINITE_RECURSION = YES;
				CLANG_WARN_INT_CONVERSION = YES;
				CLANG_WARN_NON_LITERAL_NULL_CONVERSION = YES;
				CLANG_WARN_OBJC_IMPLICIT_RETAIN_SELF = YES;
				CLANG_WARN_OBJC_LITERAL_CONVERSION = YES;
				CLANG_WARN_OBJC_ROOT_CLASS = YES_ERROR;
				CLANG_WARN_QUOTED_INCLUDE_IN_FRAMEWORK_HEADER = YES;
				CLANG_WARN_RANGE_LOOP_ANALYSIS = YES;
				CLANG_WARN_STRICT_PROTOTYPES = YES;
				CLANG_WARN_SUSPICIOUS_MOVE = YES;
				CLANG_WARN_UNGUARDED_AVAILABILITY = YES_AGGRESSIVE;
				CLANG_WARN_UNREACHABLE_CODE = YES;
				CLANG_WARN__DUPLICATE_METHOD_MATCH = YES;
				COPY_PHASE_STRIP = NO;
				DEBUG_INFORMATION_FORMAT = dwarf;
				ENABLE_STRICT_OBJC_MSGSEND = YES;
				ENABLE_TESTABILITY = YES;
				GCC_C_LANGUAGE_STANDARD = gnu11;
				GCC_DYNAMIC_NO_PIC = NO;
				GCC_NO_COMMON_BLOCKS = YES;
				GCC_OPTIMIZATION_LEVEL = 0;
				GCC_PREPROCESSOR_DEFINITIONS = (
					"DEBUG=1",
					"$(inherited)",
				);
				GCC_WARN_64_TO_32_BIT_CONVERSION = YES;
				GCC_WARN_ABOUT_RETURN_TYPE = YES_ERROR;
				GCC_WARN_UNDECLARED_SELECTOR = YES;
				GCC_WARN_UNINITIALIZED_AUTOS = YES_AGGRESSIVE;
				GCC_WARN_UNUSED_FUNCTION = YES;
				GCC_WARN_UNUSED_VARIABLE = YES;
				IPHONEOS_DEPLOYMENT_TARGET = 15.0;
				MTL_ENABLE_DEBUG_INFO = INCLUDE_SOURCE;
				MTL_FAST_MATH = YES;
				ONLY_ACTIVE_ARCH = YES;
				SDKROOT = iphoneos;
				SWIFT_ACTIVE_COMPILATION_CONDITIONS = DEBUG;
				SWIFT_OPTIMIZATION_LEVEL = "-Onone";
			};
			name = Debug;
		};
		231278CF26D3DBE6007D6DB3 /* Release */ = {
			isa = XCBuildConfiguration;
			buildSettings = {
				ALWAYS_SEARCH_USER_PATHS = NO;
				CLANG_ANALYZER_NONNULL = YES;
				CLANG_ANALYZER_NUMBER_OBJECT_CONVERSION = YES_AGGRESSIVE;
				CLANG_CXX_LANGUAGE_STANDARD = "gnu++17";
				CLANG_CXX_LIBRARY = "libc++";
				CLANG_ENABLE_MODULES = YES;
				CLANG_ENABLE_OBJC_ARC = YES;
				CLANG_ENABLE_OBJC_WEAK = YES;
				CLANG_WARN_BLOCK_CAPTURE_AUTORELEASING = YES;
				CLANG_WARN_BOOL_CONVERSION = YES;
				CLANG_WARN_COMMA = YES;
				CLANG_WARN_CONSTANT_CONVERSION = YES;
				CLANG_WARN_DEPRECATED_OBJC_IMPLEMENTATIONS = YES;
				CLANG_WARN_DIRECT_OBJC_ISA_USAGE = YES_ERROR;
				CLANG_WARN_DOCUMENTATION_COMMENTS = YES;
				CLANG_WARN_EMPTY_BODY = YES;
				CLANG_WARN_ENUM_CONVERSION = YES;
				CLANG_WARN_INFINITE_RECURSION = YES;
				CLANG_WARN_INT_CONVERSION = YES;
				CLANG_WARN_NON_LITERAL_NULL_CONVERSION = YES;
				CLANG_WARN_OBJC_IMPLICIT_RETAIN_SELF = YES;
				CLANG_WARN_OBJC_LITERAL_CONVERSION = YES;
				CLANG_WARN_OBJC_ROOT_CLASS = YES_ERROR;
				CLANG_WARN_QUOTED_INCLUDE_IN_FRAMEWORK_HEADER = YES;
				CLANG_WARN_RANGE_LOOP_ANALYSIS = YES;
				CLANG_WARN_STRICT_PROTOTYPES = YES;
				CLANG_WARN_SUSPICIOUS_MOVE = YES;
				CLANG_WARN_UNGUARDED_AVAILABILITY = YES_AGGRESSIVE;
				CLANG_WARN_UNREACHABLE_CODE = YES;
				CLANG_WARN__DUPLICATE_METHOD_MATCH = YES;
				COPY_PHASE_STRIP = NO;
				DEBUG_INFORMATION_FORMAT = "dwarf-with-dsym";
				ENABLE_NS_ASSERTIONS = NO;
				ENABLE_STRICT_OBJC_MSGSEND = YES;
				GCC_C_LANGUAGE_STANDARD = gnu11;
				GCC_NO_COMMON_BLOCKS = YES;
				GCC_WARN_64_TO_32_BIT_CONVERSION = YES;
				GCC_WARN_ABOUT_RETURN_TYPE = YES_ERROR;
				GCC_WARN_UNDECLARED_SELECTOR = YES;
				GCC_WARN_UNINITIALIZED_AUTOS = YES_AGGRESSIVE;
				GCC_WARN_UNUSED_FUNCTION = YES;
				GCC_WARN_UNUSED_VARIABLE = YES;
				IPHONEOS_DEPLOYMENT_TARGET = 15.0;
				MTL_ENABLE_DEBUG_INFO = NO;
				MTL_FAST_MATH = YES;
				SDKROOT = iphoneos;
				SWIFT_COMPILATION_MODE = wholemodule;
				SWIFT_OPTIMIZATION_LEVEL = "-O";
				VALIDATE_PRODUCT = YES;
			};
			name = Release;
		};
		231278D126D3DBE6007D6DB3 /* Debug */ = {
			isa = XCBuildConfiguration;
			buildSettings = {
				ASSETCATALOG_COMPILER_APPICON_NAME = AppIcon;
				ASSETCATALOG_COMPILER_GLOBAL_ACCENT_COLOR_NAME = AccentColor;
				CODE_SIGN_STYLE = Automatic;
				CURRENT_PROJECT_VERSION = 1;
				DEVELOPMENT_ASSET_PATHS = "\"Fruities/Preview Content\"";
				DEVELOPMENT_TEAM = P7R6FDS9P2;
				ENABLE_PREVIEWS = YES;
				GENERATE_INFOPLIST_FILE = YES;
				INFOPLIST_KEY_UIApplicationSceneManifest_Generation = YES;
				INFOPLIST_KEY_UIApplicationSupportsIndirectInputEvents = YES;
				INFOPLIST_KEY_UILaunchScreen_Generation = YES;
				INFOPLIST_KEY_UISupportedInterfaceOrientations = UIInterfaceOrientationPortrait;
				INFOPLIST_KEY_UISupportedInterfaceOrientations_iPad = "UIInterfaceOrientationPortrait UIInterfaceOrientationPortraitUpsideDown UIInterfaceOrientationLandscapeLeft UIInterfaceOrientationLandscapeRight";
				INFOPLIST_KEY_UISupportedInterfaceOrientations_iPhone = "UIInterfaceOrientationPortrait UIInterfaceOrientationLandscapeLeft UIInterfaceOrientationLandscapeRight";
				IPHONEOS_DEPLOYMENT_TARGET = 14.0;
				LD_RUNPATH_SEARCH_PATHS = (
					"$(inherited)",
					"@executable_path/Frameworks",
				);
				MARKETING_VERSION = 1.0;
				PRODUCT_BUNDLE_IDENTIFIER = com.dustintrinh98.Fruities;
				PRODUCT_NAME = "$(TARGET_NAME)";
				SWIFT_EMIT_LOC_STRINGS = YES;
				SWIFT_VERSION = 5.0;
				TARGETED_DEVICE_FAMILY = "1,2";
			};
			name = Debug;
		};
		231278D226D3DBE6007D6DB3 /* Release */ = {
			isa = XCBuildConfiguration;
			buildSettings = {
				ASSETCATALOG_COMPILER_APPICON_NAME = AppIcon;
				ASSETCATALOG_COMPILER_GLOBAL_ACCENT_COLOR_NAME = AccentColor;
				CODE_SIGN_STYLE = Automatic;
				CURRENT_PROJECT_VERSION = 1;
				DEVELOPMENT_ASSET_PATHS = "\"Fruities/Preview Content\"";
				DEVELOPMENT_TEAM = P7R6FDS9P2;
				ENABLE_PREVIEWS = YES;
				GENERATE_INFOPLIST_FILE = YES;
				INFOPLIST_KEY_UIApplicationSceneManifest_Generation = YES;
				INFOPLIST_KEY_UIApplicationSupportsIndirectInputEvents = YES;
				INFOPLIST_KEY_UILaunchScreen_Generation = YES;
				INFOPLIST_KEY_UISupportedInterfaceOrientations = UIInterfaceOrientationPortrait;
				INFOPLIST_KEY_UISupportedInterfaceOrientations_iPad = "UIInterfaceOrientationPortrait UIInterfaceOrientationPortraitUpsideDown UIInterfaceOrientationLandscapeLeft UIInterfaceOrientationLandscapeRight";
				INFOPLIST_KEY_UISupportedInterfaceOrientations_iPhone = "UIInterfaceOrientationPortrait UIInterfaceOrientationLandscapeLeft UIInterfaceOrientationLandscapeRight";
				IPHONEOS_DEPLOYMENT_TARGET = 14.0;
				LD_RUNPATH_SEARCH_PATHS = (
					"$(inherited)",
					"@executable_path/Frameworks",
				);
				MARKETING_VERSION = 1.0;
				PRODUCT_BUNDLE_IDENTIFIER = com.dustintrinh98.Fruities;
				PRODUCT_NAME = "$(TARGET_NAME)";
				SWIFT_EMIT_LOC_STRINGS = YES;
				SWIFT_VERSION = 5.0;
				TARGETED_DEVICE_FAMILY = "1,2";
			};
			name = Release;
		};
/* End XCBuildConfiguration section */

/* Begin XCConfigurationList section */
		231278BD26D3DBE1007D6DB3 /* Build configuration list for PBXProject "Fruities" */ = {
			isa = XCConfigurationList;
			buildConfigurations = (
				231278CE26D3DBE6007D6DB3 /* Debug */,
				231278CF26D3DBE6007D6DB3 /* Release */,
			);
			defaultConfigurationIsVisible = 0;
			defaultConfigurationName = Release;
		};
		231278D026D3DBE6007D6DB3 /* Build configuration list for PBXNativeTarget "Fruities" */ = {
			isa = XCConfigurationList;
			buildConfigurations = (
				231278D126D3DBE6007D6DB3 /* Debug */,
				231278D226D3DBE6007D6DB3 /* Release */,
			);
			defaultConfigurationIsVisible = 0;
			defaultConfigurationName = Release;
		};
/* End XCConfigurationList section */
	};
	rootObject = 231278BA26D3DBE1007D6DB3 /* Project object */;
}
